
Microsoft Visual Studio Solution File, Format Version 12.00
# Visual Studio 15
VisualStudioVersion = 15.0.27703.2026
MinimumVisualStudioVersion = 10.0.40219.1
Project("{FAE04EC0-301F-11D3-BF4B-00C04F79EFBC}") = "ExOrdemCrescente", "ExOrdemCrescente\ExOrdemCrescente.csproj", "{48543C1C-4C71-4085-8045-D522084696AB}"
EndProject
Global
	GlobalSection(SolutionConfigurationPlatforms) = preSolution
		Debug|Any CPU = Debug|Any CPU
		Release|Any CPU = Release|Any CPU
	EndGlobalSection
	GlobalSection(ProjectConfigurationPlatforms) = postSolution
		{48543C1C-4C71-4085-8045-D522084696AB}.Debug|Any CPU.ActiveCfg = Debug|Any CPU
		{48543C1C-4C71-4085-8045-D522084696AB}.Debug|Any CPU.Build.0 = Debug|Any CPU
		{48543C1C-4C71-4085-8045-D522084696AB}.Release|Any CPU.ActiveCfg = Release|Any CPU
		{48543C1C-4C71-4085-8045-D522084696AB}.Release|Any CPU.Build.0 = Release|Any CPU
	EndGlobalSection
	GlobalSection(SolutionProperties) = preSolution
		HideSolutionNode = FALSE
	EndGlobalSection
	GlobalSection(ExtensibilityGlobals) = postSolution
		SolutionGuid = {0D6A680A-C057-4046-A32C-41597D82B720}
	EndGlobalSection
EndGlobal
